dependencies:
- name: keda
  repository: https://kedacore.github.io/charts
  version: 2.16.0
- name: ingress-nginx
  repository: https://kubernetes.github.io/ingress-nginx
  version: 4.11.3
- name: jaeger
  repository: https://jaegertracing.github.io/helm-charts
  version: 3.3.2
- name: kube-prometheus-stack
  repository: https://prometheus-community.github.io/helm-charts
  version: 65.8.1
digest: sha256:719ddd9207f81c2f7f5d1ca27e3414f561e3283aa77c9f5023d8e9a8d29ea3c9
generated: "2024-11-15T07:15:41.368500724Z"
